
Microsoft Visual Studio Solution File, Format Version 12.00
# Visual Studio 2012
Project("{8BC9CEB8-8B4A-11D0-8D11-00A0C91BC942}") = "flodermonitor", "flodermonitor\flodermonitor.vcxproj", "{3DA7FBDB-B972-4798-9BBC-19E8655B1F53}"
EndProject
Project("{8BC9CEB8-8B4A-11D0-8D11-00A0C91BC942}") = "multiThread", "multiThread\multiThread.vcxproj", "{7BD897E3-3DE8-4ABD-9FE4-D8F06188F854}"
EndProject
Project("{8BC9CEB8-8B4A-11D0-8D11-00A0C91BC942}") = "IO", "IO\IO.vcxproj", "{BB30E6F5-A7D8-4275-9AB4-1CCAA896816A}"
EndProject
Project("{8BC9CEB8-8B4A-11D0-8D11-00A0C91BC942}") = "log4cplus", "log4cplus\log4cplus.vcxproj", "{917836A4-0DDC-47BE-B930-1B3BFDF6C940}"
EndProject
Project("{8BC9CEB8-8B4A-11D0-8D11-00A0C91BC942}") = "memoryoperating", "memoryoperating\memoryoperating.vcxproj", "{5B55357D-E52A-44BF-B28D-BB8A7522F46D}"
EndProject
Project("{8BC9CEB8-8B4A-11D0-8D11-00A0C91BC942}") = "mempool", "mempool\mempool.vcxproj", "{DB98062E-537D-4A7E-9C5B-5C271C476F78}"
EndProject
Project("{8BC9CEB8-8B4A-11D0-8D11-00A0C91BC942}") = "testHalconFunction", "testHalconFunction\testHalconFunction.vcxproj", "{0D7D1C02-B752-4A83-BFBC-5257CCA4F6EC}"
EndProject
Project("{8BC9CEB8-8B4A-11D0-8D11-00A0C91BC942}") = "BasicTest", "BasicTest\BasicTest.vcxproj", "{3FF367E7-0A63-4015-B046-276A155CD6F6}"
EndProject
Project("{8BC9CEB8-8B4A-11D0-8D11-00A0C91BC942}") = "testOpenCVFunction", "testOpenCVFunction\testOpenCVFunction.vcxproj", "{46F3C008-1B00-4D9D-900A-FEB3478A98F6}"
EndProject
Project("{8BC9CEB8-8B4A-11D0-8D11-00A0C91BC942}") = "excetions", "excetions\excetions.vcxproj", "{A1B69DC1-217D-426E-9D94-39B84D12C540}"
EndProject
Project("{8BC9CEB8-8B4A-11D0-8D11-00A0C91BC942}") = "multiThread4Image", "multiThread4Image\multiThread4Image.vcxproj", "{F4104BBC-ABF9-4273-A1A8-B9906756CC28}"
EndProject
Project("{8BC9CEB8-8B4A-11D0-8D11-00A0C91BC942}") = "CoreDetection", "CoreDetection\CoreDetection.vcxproj", "{E6C0F65C-57D6-4920-AFEE-66C69BA89F4B}"
EndProject
Project("{2150E333-8FDC-42A3-9474-1A3956D46DE8}") = ".nuget", ".nuget", "{5694206B-B654-4BEE-8F50-DF72080E082C}"
	ProjectSection(SolutionItems) = preProject
		.nuget\packages.config = .nuget\packages.config
	EndProjectSection
EndProject
Project("{8BC9CEB8-8B4A-11D0-8D11-00A0C91BC942}") = "CloudmusicUC2MP3", "CloudmusicUC2MP3\CloudmusicUC2MP3.vcxproj", "{6ABA47B1-FF57-4F1B-A992-92385DEE88B6}"
EndProject
Project("{8BC9CEB8-8B4A-11D0-8D11-00A0C91BC942}") = "xiamiCacheMerge", "xiamiCacheMerge\xiamiCacheMerge.vcxproj", "{370189E2-2C0C-4348-9864-9DC27A454E09}"
EndProject
Global
	GlobalSection(SolutionConfigurationPlatforms) = preSolution
		Debug_Unicode|Mixed Platforms = Debug_Unicode|Mixed Platforms
		Debug_Unicode|Win32 = Debug_Unicode|Win32
		Debug_Unicode|x64 = Debug_Unicode|x64
		Debug|Mixed Platforms = Debug|Mixed Platforms
		Debug|Win32 = Debug|Win32
		Debug|x64 = Debug|x64
		Release_Unicode|Mixed Platforms = Release_Unicode|Mixed Platforms
		Release_Unicode|Win32 = Release_Unicode|Win32
		Release_Unicode|x64 = Release_Unicode|x64
		Release|Mixed Platforms = Release|Mixed Platforms
		Release|Win32 = Release|Win32
		Release|x64 = Release|x64
	EndGlobalSection
	GlobalSection(ProjectConfigurationPlatforms) = postSolution
		{3DA7FBDB-B972-4798-9BBC-19E8655B1F53}.Debug_Unicode|Mixed Platforms.ActiveCfg = Debug|Win32
		{3DA7FBDB-B972-4798-9BBC-19E8655B1F53}.Debug_Unicode|Mixed Platforms.Build.0 = Debug|Win32
		{3DA7FBDB-B972-4798-9BBC-19E8655B1F53}.Debug_Unicode|Win32.ActiveCfg = Debug|Win32
		{3DA7FBDB-B972-4798-9BBC-19E8655B1F53}.Debug_Unicode|Win32.Build.0 = Debug|Win32
		{3DA7FBDB-B972-4798-9BBC-19E8655B1F53}.Debug_Unicode|x64.ActiveCfg = Debug|Win32
		{3DA7FBDB-B972-4798-9BBC-19E8655B1F53}.Debug|Mixed Platforms.ActiveCfg = Debug|Win32
		{3DA7FBDB-B972-4798-9BBC-19E8655B1F53}.Debug|Mixed Platforms.Build.0 = Debug|Win32
		{3DA7FBDB-B972-4798-9BBC-19E8655B1F53}.Debug|Win32.ActiveCfg = Debug|Win32
		{3DA7FBDB-B972-4798-9BBC-19E8655B1F53}.Debug|Win32.Build.0 = Debug|Win32
		{3DA7FBDB-B972-4798-9BBC-19E8655B1F53}.Debug|x64.ActiveCfg = Debug|Win32
		{3DA7FBDB-B972-4798-9BBC-19E8655B1F53}.Release_Unicode|Mixed Platforms.ActiveCfg = Release|Win32
		{3DA7FBDB-B972-4798-9BBC-19E8655B1F53}.Release_Unicode|Mixed Platforms.Build.0 = Release|Win32
		{3DA7FBDB-B972-4798-9BBC-19E8655B1F53}.Release_Unicode|Win32.ActiveCfg = Release|Win32
		{3DA7FBDB-B972-4798-9BBC-19E8655B1F53}.Release_Unicode|Win32.Build.0 = Release|Win32
		{3DA7FBDB-B972-4798-9BBC-19E8655B1F53}.Release_Unicode|x64.ActiveCfg = Release|Win32
		{3DA7FBDB-B972-4798-9BBC-19E8655B1F53}.Release|Mixed Platforms.ActiveCfg = Release|Win32
		{3DA7FBDB-B972-4798-9BBC-19E8655B1F53}.Release|Mixed Platforms.Build.0 = Release|Win32
		{3DA7FBDB-B972-4798-9BBC-19E8655B1F53}.Release|Win32.ActiveCfg = Release|Win32
		{3DA7FBDB-B972-4798-9BBC-19E8655B1F53}.Release|Win32.Build.0 = Release|Win32
		{3DA7FBDB-B972-4798-9BBC-19E8655B1F53}.Release|x64.ActiveCfg = Release|Win32
		{7BD897E3-3DE8-4ABD-9FE4-D8F06188F854}.Debug_Unicode|Mixed Platforms.ActiveCfg = Debug|Win32
		{7BD897E3-3DE8-4ABD-9FE4-D8F06188F854}.Debug_Unicode|Mixed Platforms.Build.0 = Debug|Win32
		{7BD897E3-3DE8-4ABD-9FE4-D8F06188F854}.Debug_Unicode|Win32.ActiveCfg = Debug|Win32
		{7BD897E3-3DE8-4ABD-9FE4-D8F06188F854}.Debug_Unicode|Win32.Build.0 = Debug|Win32
		{7BD897E3-3DE8-4ABD-9FE4-D8F06188F854}.Debug_Unicode|x64.ActiveCfg = Debug|Win32
		{7BD897E3-3DE8-4ABD-9FE4-D8F06188F854}.Debug|Mixed Platforms.ActiveCfg = Debug|Win32
		{7BD897E3-3DE8-4ABD-9FE4-D8F06188F854}.Debug|Mixed Platforms.Build.0 = Debug|Win32
		{7BD897E3-3DE8-4ABD-9FE4-D8F06188F854}.Debug|Win32.ActiveCfg = Debug|Win32
		{7BD897E3-3DE8-4ABD-9FE4-D8F06188F854}.Debug|Win32.Build.0 = Debug|Win32
		{7BD897E3-3DE8-4ABD-9FE4-D8F06188F854}.Debug|x64.ActiveCfg = Debug|Win32
		{7BD897E3-3DE8-4ABD-9FE4-D8F06188F854}.Release_Unicode|Mixed Platforms.ActiveCfg = Release|Win32
		{7BD897E3-3DE8-4ABD-9FE4-D8F06188F854}.Release_Unicode|Mixed Platforms.Build.0 = Release|Win32
		{7BD897E3-3DE8-4ABD-9FE4-D8F06188F854}.Release_Unicode|Win32.ActiveCfg = Release|Win32
		{7BD897E3-3DE8-4ABD-9FE4-D8F06188F854}.Release_Unicode|Win32.Build.0 = Release|Win32
		{7BD897E3-3DE8-4ABD-9FE4-D8F06188F854}.Release_Unicode|x64.ActiveCfg = Release|Win32
		{7BD897E3-3DE8-4ABD-9FE4-D8F06188F854}.Release|Mixed Platforms.ActiveCfg = Release|Win32
		{7BD897E3-3DE8-4ABD-9FE4-D8F06188F854}.Release|Mixed Platforms.Build.0 = Release|Win32
		{7BD897E3-3DE8-4ABD-9FE4-D8F06188F854}.Release|Win32.ActiveCfg = Release|Win32
		{7BD897E3-3DE8-4ABD-9FE4-D8F06188F854}.Release|Win32.Build.0 = Release|Win32
		{7BD897E3-3DE8-4ABD-9FE4-D8F06188F854}.Release|x64.ActiveCfg = Release|Win32
		{BB30E6F5-A7D8-4275-9AB4-1CCAA896816A}.Debug_Unicode|Mixed Platforms.ActiveCfg = Debug|Win32
		{BB30E6F5-A7D8-4275-9AB4-1CCAA896816A}.Debug_Unicode|Mixed Platforms.Build.0 = Debug|Win32
		{BB30E6F5-A7D8-4275-9AB4-1CCAA896816A}.Debug_Unicode|Win32.ActiveCfg = Debug|Win32
		{BB30E6F5-A7D8-4275-9AB4-1CCAA896816A}.Debug_Unicode|Win32.Build.0 = Debug|Win32
		{BB30E6F5-A7D8-4275-9AB4-1CCAA896816A}.Debug_Unicode|x64.ActiveCfg = Debug|Win32
		{BB30E6F5-A7D8-4275-9AB4-1CCAA896816A}.Debug|Mixed Platforms.ActiveCfg = Debug|Win32
		{BB30E6F5-A7D8-4275-9AB4-1CCAA896816A}.Debug|Mixed Platforms.Build.0 = Debug|Win32
		{BB30E6F5-A7D8-4275-9AB4-1CCAA896816A}.Debug|Win32.ActiveCfg = Debug|Win32
		{BB30E6F5-A7D8-4275-9AB4-1CCAA896816A}.Debug|Win32.Build.0 = Debug|Win32
		{BB30E6F5-A7D8-4275-9AB4-1CCAA896816A}.Debug|x64.ActiveCfg = Debug|Win32
		{BB30E6F5-A7D8-4275-9AB4-1CCAA896816A}.Release_Unicode|Mixed Platforms.ActiveCfg = Release|Win32
		{BB30E6F5-A7D8-4275-9AB4-1CCAA896816A}.Release_Unicode|Mixed Platforms.Build.0 = Release|Win32
		{BB30E6F5-A7D8-4275-9AB4-1CCAA896816A}.Release_Unicode|Win32.ActiveCfg = Release|Win32
		{BB30E6F5-A7D8-4275-9AB4-1CCAA896816A}.Release_Unicode|Win32.Build.0 = Release|Win32
		{BB30E6F5-A7D8-4275-9AB4-1CCAA896816A}.Release_Unicode|x64.ActiveCfg = Release|Win32
		{BB30E6F5-A7D8-4275-9AB4-1CCAA896816A}.Release|Mixed Platforms.ActiveCfg = Release|Win32
		{BB30E6F5-A7D8-4275-9AB4-1CCAA896816A}.Release|Mixed Platforms.Build.0 = Release|Win32
		{BB30E6F5-A7D8-4275-9AB4-1CCAA896816A}.Release|Win32.ActiveCfg = Release|Win32
		{BB30E6F5-A7D8-4275-9AB4-1CCAA896816A}.Release|Win32.Build.0 = Release|Win32
		{BB30E6F5-A7D8-4275-9AB4-1CCAA896816A}.Release|x64.ActiveCfg = Release|Win32
		{917836A4-0DDC-47BE-B930-1B3BFDF6C940}.Debug_Unicode|Mixed Platforms.ActiveCfg = Debug_Unicode|Win32
		{917836A4-0DDC-47BE-B930-1B3BFDF6C940}.Debug_Unicode|Mixed Platforms.Build.0 = Debug_Unicode|Win32
		{917836A4-0DDC-47BE-B930-1B3BFDF6C940}.Debug_Unicode|Win32.ActiveCfg = Debug_Unicode|Win32
		{917836A4-0DDC-47BE-B930-1B3BFDF6C940}.Debug_Unicode|Win32.Build.0 = Debug_Unicode|Win32
		{917836A4-0DDC-47BE-B930-1B3BFDF6C940}.Debug_Unicode|x64.ActiveCfg = Debug_Unicode|x64
		{917836A4-0DDC-47BE-B930-1B3BFDF6C940}.Debug_Unicode|x64.Build.0 = Debug_Unicode|x64
		{917836A4-0DDC-47BE-B930-1B3BFDF6C940}.Debug|Mixed Platforms.ActiveCfg = Debug|Win32
		{917836A4-0DDC-47BE-B930-1B3BFDF6C940}.Debug|Mixed Platforms.Build.0 = Debug|Win32
		{917836A4-0DDC-47BE-B930-1B3BFDF6C940}.Debug|Win32.ActiveCfg = Debug|Win32
		{917836A4-0DDC-47BE-B930-1B3BFDF6C940}.Debug|Win32.Build.0 = Debug|Win32
		{917836A4-0DDC-47BE-B930-1B3BFDF6C940}.Debug|x64.ActiveCfg = Debug|x64
		{917836A4-0DDC-47BE-B930-1B3BFDF6C940}.Debug|x64.Build.0 = Debug|x64
		{917836A4-0DDC-47BE-B930-1B3BFDF6C940}.Release_Unicode|Mixed Platforms.ActiveCfg = Release_Unicode|Win32
		{917836A4-0DDC-47BE-B930-1B3BFDF6C940}.Release_Unicode|Mixed Platforms.Build.0 = Release_Unicode|Win32
		{917836A4-0DDC-47BE-B930-1B3BFDF6C940}.Release_Unicode|Win32.ActiveCfg = Release_Unicode|Win32
		{917836A4-0DDC-47BE-B930-1B3BFDF6C940}.Release_Unicode|Win32.Build.0 = Release_Unicode|Win32
		{917836A4-0DDC-47BE-B930-1B3BFDF6C940}.Release_Unicode|x64.ActiveCfg = Release_Unicode|x64
		{917836A4-0DDC-47BE-B930-1B3BFDF6C940}.Release_Unicode|x64.Build.0 = Release_Unicode|x64
		{917836A4-0DDC-47BE-B930-1B3BFDF6C940}.Release|Mixed Platforms.ActiveCfg = Release|Win32
		{917836A4-0DDC-47BE-B930-1B3BFDF6C940}.Release|Mixed Platforms.Build.0 = Release|Win32
		{917836A4-0DDC-47BE-B930-1B3BFDF6C940}.Release|Win32.ActiveCfg = Release|Win32
		{917836A4-0DDC-47BE-B930-1B3BFDF6C940}.Release|Win32.Build.0 = Release|Win32
		{917836A4-0DDC-47BE-B930-1B3BFDF6C940}.Release|x64.ActiveCfg = Release|x64
		{917836A4-0DDC-47BE-B930-1B3BFDF6C940}.Release|x64.Build.0 = Release|x64
		{5B55357D-E52A-44BF-B28D-BB8A7522F46D}.Debug_Unicode|Mixed Platforms.ActiveCfg = Debug|Win32
		{5B55357D-E52A-44BF-B28D-BB8A7522F46D}.Debug_Unicode|Mixed Platforms.Build.0 = Debug|Win32
		{5B55357D-E52A-44BF-B28D-BB8A7522F46D}.Debug_Unicode|Win32.ActiveCfg = Debug|Win32
		{5B55357D-E52A-44BF-B28D-BB8A7522F46D}.Debug_Unicode|Win32.Build.0 = Debug|Win32
		{5B55357D-E52A-44BF-B28D-BB8A7522F46D}.Debug_Unicode|x64.ActiveCfg = Debug|Win32
		{5B55357D-E52A-44BF-B28D-BB8A7522F46D}.Debug|Mixed Platforms.ActiveCfg = Debug|Win32
		{5B55357D-E52A-44BF-B28D-BB8A7522F46D}.Debug|Mixed Platforms.Build.0 = Debug|Win32
		{5B55357D-E52A-44BF-B28D-BB8A7522F46D}.Debug|Win32.ActiveCfg = Debug|Win32
		{5B55357D-E52A-44BF-B28D-BB8A7522F46D}.Debug|Win32.Build.0 = Debug|Win32
		{5B55357D-E52A-44BF-B28D-BB8A7522F46D}.Debug|x64.ActiveCfg = Debug|Win32
		{5B55357D-E52A-44BF-B28D-BB8A7522F46D}.Release_Unicode|Mixed Platforms.ActiveCfg = Release|Win32
		{5B55357D-E52A-44BF-B28D-BB8A7522F46D}.Release_Unicode|Mixed Platforms.Build.0 = Release|Win32
		{5B55357D-E52A-44BF-B28D-BB8A7522F46D}.Release_Unicode|Win32.ActiveCfg = Release|Win32
		{5B55357D-E52A-44BF-B28D-BB8A7522F46D}.Release_Unicode|Win32.Build.0 = Release|Win32
		{5B55357D-E52A-44BF-B28D-BB8A7522F46D}.Release_Unicode|x64.ActiveCfg = Release|Win32
		{5B55357D-E52A-44BF-B28D-BB8A7522F46D}.Release|Mixed Platforms.ActiveCfg = Release|Win32
		{5B55357D-E52A-44BF-B28D-BB8A7522F46D}.Release|Mixed Platforms.Build.0 = Release|Win32
		{5B55357D-E52A-44BF-B28D-BB8A7522F46D}.Release|Win32.ActiveCfg = Release|Win32
		{5B55357D-E52A-44BF-B28D-BB8A7522F46D}.Release|Win32.Build.0 = Release|Win32
		{5B55357D-E52A-44BF-B28D-BB8A7522F46D}.Release|x64.ActiveCfg = Release|Win32
		{DB98062E-537D-4A7E-9C5B-5C271C476F78}.Debug_Unicode|Mixed Platforms.ActiveCfg = Debug|Win32
		{DB98062E-537D-4A7E-9C5B-5C271C476F78}.Debug_Unicode|Mixed Platforms.Build.0 = Debug|Win32
		{DB98062E-537D-4A7E-9C5B-5C271C476F78}.Debug_Unicode|Win32.ActiveCfg = Debug|Win32
		{DB98062E-537D-4A7E-9C5B-5C271C476F78}.Debug_Unicode|Win32.Build.0 = Debug|Win32
		{DB98062E-537D-4A7E-9C5B-5C271C476F78}.Debug_Unicode|x64.ActiveCfg = Debug|Win32
		{DB98062E-537D-4A7E-9C5B-5C271C476F78}.Debug|Mixed Platforms.ActiveCfg = Debug|Win32
		{DB98062E-537D-4A7E-9C5B-5C271C476F78}.Debug|Mixed Platforms.Build.0 = Debug|Win32
		{DB98062E-537D-4A7E-9C5B-5C271C476F78}.Debug|Win32.ActiveCfg = Debug|Win32
		{DB98062E-537D-4A7E-9C5B-5C271C476F78}.Debug|Win32.Build.0 = Debug|Win32
		{DB98062E-537D-4A7E-9C5B-5C271C476F78}.Debug|x64.ActiveCfg = Debug|Win32
		{DB98062E-537D-4A7E-9C5B-5C271C476F78}.Release_Unicode|Mixed Platforms.ActiveCfg = Release|Win32
		{DB98062E-537D-4A7E-9C5B-5C271C476F78}.Release_Unicode|Mixed Platforms.Build.0 = Release|Win32
		{DB98062E-537D-4A7E-9C5B-5C271C476F78}.Release_Unicode|Win32.ActiveCfg = Release|Win32
		{DB98062E-537D-4A7E-9C5B-5C271C476F78}.Release_Unicode|Win32.Build.0 = Release|Win32
		{DB98062E-537D-4A7E-9C5B-5C271C476F78}.Release_Unicode|x64.ActiveCfg = Release|Win32
		{DB98062E-537D-4A7E-9C5B-5C271C476F78}.Release|Mixed Platforms.ActiveCfg = Release|Win32
		{DB98062E-537D-4A7E-9C5B-5C271C476F78}.Release|Mixed Platforms.Build.0 = Release|Win32
		{DB98062E-537D-4A7E-9C5B-5C271C476F78}.Release|Win32.ActiveCfg = Release|Win32
		{DB98062E-537D-4A7E-9C5B-5C271C476F78}.Release|Win32.Build.0 = Release|Win32
		{DB98062E-537D-4A7E-9C5B-5C271C476F78}.Release|x64.ActiveCfg = Release|Win32
		{0D7D1C02-B752-4A83-BFBC-5257CCA4F6EC}.Debug_Unicode|Mixed Platforms.ActiveCfg = Debug|Win32
		{0D7D1C02-B752-4A83-BFBC-5257CCA4F6EC}.Debug_Unicode|Mixed Platforms.Build.0 = Debug|Win32
		{0D7D1C02-B752-4A83-BFBC-5257CCA4F6EC}.Debug_Unicode|Win32.ActiveCfg = Debug|Win32
		{0D7D1C02-B752-4A83-BFBC-5257CCA4F6EC}.Debug_Unicode|Win32.Build.0 = Debug|Win32
		{0D7D1C02-B752-4A83-BFBC-5257CCA4F6EC}.Debug_Unicode|x64.ActiveCfg = Debug|Win32
		{0D7D1C02-B752-4A83-BFBC-5257CCA4F6EC}.Debug|Mixed Platforms.ActiveCfg = Debug|Win32
		{0D7D1C02-B752-4A83-BFBC-5257CCA4F6EC}.Debug|Mixed Platforms.Build.0 = Debug|Win32
		{0D7D1C02-B752-4A83-BFBC-5257CCA4F6EC}.Debug|Win32.ActiveCfg = Debug|Win32
		{0D7D1C02-B752-4A83-BFBC-5257CCA4F6EC}.Debug|Win32.Build.0 = Debug|Win32
		{0D7D1C02-B752-4A83-BFBC-5257CCA4F6EC}.Debug|x64.ActiveCfg = Debug|x64
		{0D7D1C02-B752-4A83-BFBC-5257CCA4F6EC}.Release_Unicode|Mixed Platforms.ActiveCfg = Release|Win32
		{0D7D1C02-B752-4A83-BFBC-5257CCA4F6EC}.Release_Unicode|Mixed Platforms.Build.0 = Release|Win32
		{0D7D1C02-B752-4A83-BFBC-5257CCA4F6EC}.Release_Unicode|Win32.ActiveCfg = Release|Win32
		{0D7D1C02-B752-4A83-BFBC-5257CCA4F6EC}.Release_Unicode|Win32.Build.0 = Release|Win32
		{0D7D1C02-B752-4A83-BFBC-5257CCA4F6EC}.Release_Unicode|x64.ActiveCfg = Release|Win32
		{0D7D1C02-B752-4A83-BFBC-5257CCA4F6EC}.Release|Mixed Platforms.ActiveCfg = Release|Win32
		{0D7D1C02-B752-4A83-BFBC-5257CCA4F6EC}.Release|Mixed Platforms.Build.0 = Release|Win32
		{0D7D1C02-B752-4A83-BFBC-5257CCA4F6EC}.Release|Win32.ActiveCfg = Release|Win32
		{0D7D1C02-B752-4A83-BFBC-5257CCA4F6EC}.Release|Win32.Build.0 = Release|Win32
		{0D7D1C02-B752-4A83-BFBC-5257CCA4F6EC}.Release|x64.ActiveCfg = Release|Win32
		{3FF367E7-0A63-4015-B046-276A155CD6F6}.Debug_Unicode|Mixed Platforms.ActiveCfg = Debug|Win32
		{3FF367E7-0A63-4015-B046-276A155CD6F6}.Debug_Unicode|Mixed Platforms.Build.0 = Debug|Win32
		{3FF367E7-0A63-4015-B046-276A155CD6F6}.Debug_Unicode|Win32.ActiveCfg = Debug|Win32
		{3FF367E7-0A63-4015-B046-276A155CD6F6}.Debug_Unicode|Win32.Build.0 = Debug|Win32
		{3FF367E7-0A63-4015-B046-276A155CD6F6}.Debug_Unicode|x64.ActiveCfg = Debug|Win32
		{3FF367E7-0A63-4015-B046-276A155CD6F6}.Debug|Mixed Platforms.ActiveCfg = Debug|Win32
		{3FF367E7-0A63-4015-B046-276A155CD6F6}.Debug|Mixed Platforms.Build.0 = Debug|Win32
		{3FF367E7-0A63-4015-B046-276A155CD6F6}.Debug|Win32.ActiveCfg = Debug|Win32
		{3FF367E7-0A63-4015-B046-276A155CD6F6}.Debug|Win32.Build.0 = Debug|Win32
		{3FF367E7-0A63-4015-B046-276A155CD6F6}.Debug|x64.ActiveCfg = Debug|Win32
		{3FF367E7-0A63-4015-B046-276A155CD6F6}.Release_Unicode|Mixed Platforms.ActiveCfg = Release|Win32
		{3FF367E7-0A63-4015-B046-276A155CD6F6}.Release_Unicode|Mixed Platforms.Build.0 = Release|Win32
		{3FF367E7-0A63-4015-B046-276A155CD6F6}.Release_Unicode|Win32.ActiveCfg = Release|Win32
		{3FF367E7-0A63-4015-B046-276A155CD6F6}.Release_Unicode|Win32.Build.0 = Release|Win32
		{3FF367E7-0A63-4015-B046-276A155CD6F6}.Release_Unicode|x64.ActiveCfg = Release|Win32
		{3FF367E7-0A63-4015-B046-276A155CD6F6}.Release|Mixed Platforms.ActiveCfg = Release|Win32
		{3FF367E7-0A63-4015-B046-276A155CD6F6}.Release|Mixed Platforms.Build.0 = Release|Win32
		{3FF367E7-0A63-4015-B046-276A155CD6F6}.Release|Win32.ActiveCfg = Release|Win32
		{3FF367E7-0A63-4015-B046-276A155CD6F6}.Release|Win32.Build.0 = Release|Win32
		{3FF367E7-0A63-4015-B046-276A155CD6F6}.Release|x64.ActiveCfg = Release|Win32
		{46F3C008-1B00-4D9D-900A-FEB3478A98F6}.Debug_Unicode|Mixed Platforms.ActiveCfg = Debug|Win32
		{46F3C008-1B00-4D9D-900A-FEB3478A98F6}.Debug_Unicode|Mixed Platforms.Build.0 = Debug|Win32
		{46F3C008-1B00-4D9D-900A-FEB3478A98F6}.Debug_Unicode|Win32.ActiveCfg = Debug|Win32
		{46F3C008-1B00-4D9D-900A-FEB3478A98F6}.Debug_Unicode|Win32.Build.0 = Debug|Win32
		{46F3C008-1B00-4D9D-900A-FEB3478A98F6}.Debug_Unicode|x64.ActiveCfg = Debug|Win32
		{46F3C008-1B00-4D9D-900A-FEB3478A98F6}.Debug|Mixed Platforms.ActiveCfg = Debug|Win32
		{46F3C008-1B00-4D9D-900A-FEB3478A98F6}.Debug|Mixed Platforms.Build.0 = Debug|Win32
		{46F3C008-1B00-4D9D-900A-FEB3478A98F6}.Debug|Win32.ActiveCfg = Debug|Win32
		{46F3C008-1B00-4D9D-900A-FEB3478A98F6}.Debug|Win32.Build.0 = Debug|Win32
		{46F3C008-1B00-4D9D-900A-FEB3478A98F6}.Debug|x64.ActiveCfg = Debug|x64
		{46F3C008-1B00-4D9D-900A-FEB3478A98F6}.Release_Unicode|Mixed Platforms.ActiveCfg = Release|Win32
		{46F3C008-1B00-4D9D-900A-FEB3478A98F6}.Release_Unicode|Mixed Platforms.Build.0 = Release|Win32
		{46F3C008-1B00-4D9D-900A-FEB3478A98F6}.Release_Unicode|Win32.ActiveCfg = Release|Win32
		{46F3C008-1B00-4D9D-900A-FEB3478A98F6}.Release_Unicode|Win32.Build.0 = Release|Win32
		{46F3C008-1B00-4D9D-900A-FEB3478A98F6}.Release_Unicode|x64.ActiveCfg = Release|Win32
		{46F3C008-1B00-4D9D-900A-FEB3478A98F6}.Release|Mixed Platforms.ActiveCfg = Release|Win32
		{46F3C008-1B00-4D9D-900A-FEB3478A98F6}.Release|Mixed Platforms.Build.0 = Release|Win32
		{46F3C008-1B00-4D9D-900A-FEB3478A98F6}.Release|Win32.ActiveCfg = Release|Win32
		{46F3C008-1B00-4D9D-900A-FEB3478A98F6}.Release|Win32.Build.0 = Release|Win32
		{46F3C008-1B00-4D9D-900A-FEB3478A98F6}.Release|x64.ActiveCfg = Release|Win32
		{A1B69DC1-217D-426E-9D94-39B84D12C540}.Debug_Unicode|Mixed Platforms.ActiveCfg = Debug|Win32
		{A1B69DC1-217D-426E-9D94-39B84D12C540}.Debug_Unicode|Mixed Platforms.Build.0 = Debug|Win32
		{A1B69DC1-217D-426E-9D94-39B84D12C540}.Debug_Unicode|Win32.ActiveCfg = Debug|Win32
		{A1B69DC1-217D-426E-9D94-39B84D12C540}.Debug_Unicode|Win32.Build.0 = Debug|Win32
		{A1B69DC1-217D-426E-9D94-39B84D12C540}.Debug_Unicode|x64.ActiveCfg = Debug|Win32
		{A1B69DC1-217D-426E-9D94-39B84D12C540}.Debug|Mixed Platforms.ActiveCfg = Debug|Win32
		{A1B69DC1-217D-426E-9D94-39B84D12C540}.Debug|Mixed Platforms.Build.0 = Debug|Win32
		{A1B69DC1-217D-426E-9D94-39B84D12C540}.Debug|Win32.ActiveCfg = Debug|Win32
		{A1B69DC1-217D-426E-9D94-39B84D12C540}.Debug|Win32.Build.0 = Debug|Win32
		{A1B69DC1-217D-426E-9D94-39B84D12C540}.Debug|x64.ActiveCfg = Debug|Win32
		{A1B69DC1-217D-426E-9D94-39B84D12C540}.Release_Unicode|Mixed Platforms.ActiveCfg = Release|Win32
		{A1B69DC1-217D-426E-9D94-39B84D12C540}.Release_Unicode|Mixed Platforms.Build.0 = Release|Win32
		{A1B69DC1-217D-426E-9D94-39B84D12C540}.Release_Unicode|Win32.ActiveCfg = Release|Win32
		{A1B69DC1-217D-426E-9D94-39B84D12C540}.Release_Unicode|Win32.Build.0 = Release|Win32
		{A1B69DC1-217D-426E-9D94-39B84D12C540}.Release_Unicode|x64.ActiveCfg = Release|Win32
		{A1B69DC1-217D-426E-9D94-39B84D12C540}.Release|Mixed Platforms.ActiveCfg = Release|Win32
		{A1B69DC1-217D-426E-9D94-39B84D12C540}.Release|Mixed Platforms.Build.0 = Release|Win32
		{A1B69DC1-217D-426E-9D94-39B84D12C540}.Release|Win32.ActiveCfg = Release|Win32
		{A1B69DC1-217D-426E-9D94-39B84D12C540}.Release|Win32.Build.0 = Release|Win32
		{A1B69DC1-217D-426E-9D94-39B84D12C540}.Release|x64.ActiveCfg = Release|Win32
		{F4104BBC-ABF9-4273-A1A8-B9906756CC28}.Debug_Unicode|Mixed Platforms.ActiveCfg = Debug|Win32
		{F4104BBC-ABF9-4273-A1A8-B9906756CC28}.Debug_Unicode|Mixed Platforms.Build.0 = Debug|Win32
		{F4104BBC-ABF9-4273-A1A8-B9906756CC28}.Debug_Unicode|Win32.ActiveCfg = Debug|Win32
		{F4104BBC-ABF9-4273-A1A8-B9906756CC28}.Debug_Unicode|Win32.Build.0 = Debug|Win32
		{F4104BBC-ABF9-4273-A1A8-B9906756CC28}.Debug_Unicode|x64.ActiveCfg = Debug|Win32
		{F4104BBC-ABF9-4273-A1A8-B9906756CC28}.Debug|Mixed Platforms.ActiveCfg = Debug|Win32
		{F4104BBC-ABF9-4273-A1A8-B9906756CC28}.Debug|Mixed Platforms.Build.0 = Debug|Win32
		{F4104BBC-ABF9-4273-A1A8-B9906756CC28}.Debug|Win32.ActiveCfg = Debug|Win32
		{F4104BBC-ABF9-4273-A1A8-B9906756CC28}.Debug|Win32.Build.0 = Debug|Win32
		{F4104BBC-ABF9-4273-A1A8-B9906756CC28}.Debug|x64.ActiveCfg = Debug|Win32
		{F4104BBC-ABF9-4273-A1A8-B9906756CC28}.Release_Unicode|Mixed Platforms.ActiveCfg = Release|Win32
		{F4104BBC-ABF9-4273-A1A8-B9906756CC28}.Release_Unicode|Mixed Platforms.Build.0 = Release|Win32
		{F4104BBC-ABF9-4273-A1A8-B9906756CC28}.Release_Unicode|Win32.ActiveCfg = Release|Win32
		{F4104BBC-ABF9-4273-A1A8-B9906756CC28}.Release_Unicode|Win32.Build.0 = Release|Win32
		{F4104BBC-ABF9-4273-A1A8-B9906756CC28}.Release_Unicode|x64.ActiveCfg = Release|Win32
		{F4104BBC-ABF9-4273-A1A8-B9906756CC28}.Release|Mixed Platforms.ActiveCfg = Release|Win32
		{F4104BBC-ABF9-4273-A1A8-B9906756CC28}.Release|Mixed Platforms.Build.0 = Release|Win32
		{F4104BBC-ABF9-4273-A1A8-B9906756CC28}.Release|Win32.ActiveCfg = Release|Win32
		{F4104BBC-ABF9-4273-A1A8-B9906756CC28}.Release|Win32.Build.0 = Release|Win32
		{F4104BBC-ABF9-4273-A1A8-B9906756CC28}.Release|x64.ActiveCfg = Release|Win32
		{E6C0F65C-57D6-4920-AFEE-66C69BA89F4B}.Debug_Unicode|Mixed Platforms.ActiveCfg = Debug|Win32
		{E6C0F65C-57D6-4920-AFEE-66C69BA89F4B}.Debug_Unicode|Mixed Platforms.Build.0 = Debug|Win32
		{E6C0F65C-57D6-4920-AFEE-66C69BA89F4B}.Debug_Unicode|Win32.ActiveCfg = Debug|Win32
		{E6C0F65C-57D6-4920-AFEE-66C69BA89F4B}.Debug_Unicode|Win32.Build.0 = Debug|Win32
		{E6C0F65C-57D6-4920-AFEE-66C69BA89F4B}.Debug_Unicode|x64.ActiveCfg = Debug|Win32
		{E6C0F65C-57D6-4920-AFEE-66C69BA89F4B}.Debug|Mixed Platforms.ActiveCfg = Debug|Win32
		{E6C0F65C-57D6-4920-AFEE-66C69BA89F4B}.Debug|Mixed Platforms.Build.0 = Debug|Win32
		{E6C0F65C-57D6-4920-AFEE-66C69BA89F4B}.Debug|Win32.ActiveCfg = Debug|Win32
		{E6C0F65C-57D6-4920-AFEE-66C69BA89F4B}.Debug|Win32.Build.0 = Debug|Win32
		{E6C0F65C-57D6-4920-AFEE-66C69BA89F4B}.Debug|x64.ActiveCfg = Debug|Win32
		{E6C0F65C-57D6-4920-AFEE-66C69BA89F4B}.Release_Unicode|Mixed Platforms.ActiveCfg = Release|Win32
		{E6C0F65C-57D6-4920-AFEE-66C69BA89F4B}.Release_Unicode|Mixed Platforms.Build.0 = Release|Win32
		{E6C0F65C-57D6-4920-AFEE-66C69BA89F4B}.Release_Unicode|Win32.ActiveCfg = Release|Win32
		{E6C0F65C-57D6-4920-AFEE-66C69BA89F4B}.Release_Unicode|Win32.Build.0 = Release|Win32
		{E6C0F65C-57D6-4920-AFEE-66C69BA89F4B}.Release_Unicode|x64.ActiveCfg = Release|Win32
		{E6C0F65C-57D6-4920-AFEE-66C69BA89F4B}.Release|Mixed Platforms.ActiveCfg = Release|Win32
		{E6C0F65C-57D6-4920-AFEE-66C69BA89F4B}.Release|Mixed Platforms.Build.0 = Release|Win32
		{E6C0F65C-57D6-4920-AFEE-66C69BA89F4B}.Release|Win32.ActiveCfg = Release|Win32
		{E6C0F65C-57D6-4920-AFEE-66C69BA89F4B}.Release|Win32.Build.0 = Release|Win32
		{E6C0F65C-57D6-4920-AFEE-66C69BA89F4B}.Release|x64.ActiveCfg = Release|Win32
		{6ABA47B1-FF57-4F1B-A992-92385DEE88B6}.Debug_Unicode|Mixed Platforms.ActiveCfg = Debug|Win32
		{6ABA47B1-FF57-4F1B-A992-92385DEE88B6}.Debug_Unicode|Mixed Platforms.Build.0 = Debug|Win32
		{6ABA47B1-FF57-4F1B-A992-92385DEE88B6}.Debug_Unicode|Win32.ActiveCfg = Debug|Win32
		{6ABA47B1-FF57-4F1B-A992-92385DEE88B6}.Debug_Unicode|Win32.Build.0 = Debug|Win32
		{6ABA47B1-FF57-4F1B-A992-92385DEE88B6}.Debug_Unicode|x64.ActiveCfg = Debug|Win32
		{6ABA47B1-FF57-4F1B-A992-92385DEE88B6}.Debug|Mixed Platforms.ActiveCfg = Debug|Win32
		{6ABA47B1-FF57-4F1B-A992-92385DEE88B6}.Debug|Mixed Platforms.Build.0 = Debug|Win32
		{6ABA47B1-FF57-4F1B-A992-92385DEE88B6}.Debug|Win32.ActiveCfg = Debug|Win32
		{6ABA47B1-FF57-4F1B-A992-92385DEE88B6}.Debug|Win32.Build.0 = Debug|Win32
		{6ABA47B1-FF57-4F1B-A992-92385DEE88B6}.Debug|x64.ActiveCfg = Debug|Win32
		{6ABA47B1-FF57-4F1B-A992-92385DEE88B6}.Release_Unicode|Mixed Platforms.ActiveCfg = Release|Win32
		{6ABA47B1-FF57-4F1B-A992-92385DEE88B6}.Release_Unicode|Mixed Platforms.Build.0 = Release|Win32
		{6ABA47B1-FF57-4F1B-A992-92385DEE88B6}.Release_Unicode|Win32.ActiveCfg = Release|Win32
		{6ABA47B1-FF57-4F1B-A992-92385DEE88B6}.Release_Unicode|Win32.Build.0 = Release|Win32
		{6ABA47B1-FF57-4F1B-A992-92385DEE88B6}.Release_Unicode|x64.ActiveCfg = Release|Win32
		{6ABA47B1-FF57-4F1B-A992-92385DEE88B6}.Release|Mixed Platforms.ActiveCfg = Release|Win32
		{6ABA47B1-FF57-4F1B-A992-92385DEE88B6}.Release|Mixed Platforms.Build.0 = Release|Win32
		{6ABA47B1-FF57-4F1B-A992-92385DEE88B6}.Release|Win32.ActiveCfg = Release|Win32
		{6ABA47B1-FF57-4F1B-A992-92385DEE88B6}.Release|Win32.Build.0 = Release|Win32
		{6ABA47B1-FF57-4F1B-A992-92385DEE88B6}.Release|x64.ActiveCfg = Release|Win32
		{370189E2-2C0C-4348-9864-9DC27A454E09}.Debug_Unicode|Mixed Platforms.ActiveCfg = Debug|Win32
		{370189E2-2C0C-4348-9864-9DC27A454E09}.Debug_Unicode|Mixed Platforms.Build.0 = Debug|Win32
		{370189E2-2C0C-4348-9864-9DC27A454E09}.Debug_Unicode|Win32.ActiveCfg = Debug|Win32
		{370189E2-2C0C-4348-9864-9DC27A454E09}.Debug_Unicode|Win32.Build.0 = Debug|Win32
		{370189E2-2C0C-4348-9864-9DC27A454E09}.Debug_Unicode|x64.ActiveCfg = Debug|Win32
		{370189E2-2C0C-4348-9864-9DC27A454E09}.Debug|Mixed Platforms.ActiveCfg = Debug|Win32
		{370189E2-2C0C-4348-9864-9DC27A454E09}.Debug|Mixed Platforms.Build.0 = Debug|Win32
		{370189E2-2C0C-4348-9864-9DC27A454E09}.Debug|Win32.ActiveCfg = Debug|Win32
		{370189E2-2C0C-4348-9864-9DC27A454E09}.Debug|Win32.Build.0 = Debug|Win32
		{370189E2-2C0C-4348-9864-9DC27A454E09}.Debug|x64.ActiveCfg = Debug|Win32
		{370189E2-2C0C-4348-9864-9DC27A454E09}.Release_Unicode|Mixed Platforms.ActiveCfg = Release|Win32
		{370189E2-2C0C-4348-9864-9DC27A454E09}.Release_Unicode|Mixed Platforms.Build.0 = Release|Win32
		{370189E2-2C0C-4348-9864-9DC27A454E09}.Release_Unicode|Win32.ActiveCfg = Release|Win32
		{370189E2-2C0C-4348-9864-9DC27A454E09}.Release_Unicode|Win32.Build.0 = Release|Win32
		{370189E2-2C0C-4348-9864-9DC27A454E09}.Release_Unicode|x64.ActiveCfg = Release|Win32
		{370189E2-2C0C-4348-9864-9DC27A454E09}.Release|Mixed Platforms.ActiveCfg = Release|Win32
		{370189E2-2C0C-4348-9864-9DC27A454E09}.Release|Mixed Platforms.Build.0 = Release|Win32
		{370189E2-2C0C-4348-9864-9DC27A454E09}.Release|Win32.ActiveCfg = Release|Win32
		{370189E2-2C0C-4348-9864-9DC27A454E09}.Release|Win32.Build.0 = Release|Win32
		{370189E2-2C0C-4348-9864-9DC27A454E09}.Release|x64.ActiveCfg = Release|Win32
	EndGlobalSection
	GlobalSection(SolutionProperties) = preSolution
		HideSolutionNode = FALSE
	EndGlobalSection
EndGlobal
